
Microsoft Visual Studio Solution File, Format Version 12.00
# Visual Studio 14
VisualStudioVersion = 14.0.25420.1
MinimumVisualStudioVersion = 10.0.40219.1
Project("{2150E333-8FDC-42A3-9474-1A3956D46DE8}") = "Build", "Build", "{A1731300-752D-4347-A81C-1663CE5168EC}"
	ProjectSection(SolutionItems) = preProject
		..\build.fsx = ..\build.fsx
		..\Readme.md = ..\Readme.md
		..\RELEASE_NOTES.md = ..\RELEASE_NOTES.md
	EndProjectSection
EndProject
Project("{FAE04EC0-301F-11D3-BF4B-00C04F79EFBC}") = "Akka.DI.Unity", "Akka.DI.Unity\Akka.DI.Unity.csproj", "{2065C3A2-8C15-4912-BCF5-AE89E3DDA079}"
EndProject
Project("{FAE04EC0-301F-11D3-BF4B-00C04F79EFBC}") = "Akka.DI.Unity.Tests", "Akka.DI.Unity.Tests\Akka.DI.Unity.Tests.csproj", "{54C76459-D93B-4FF5-A051-4D9329EF4201}"
EndProject
Global
	GlobalSection(SolutionConfigurationPlatforms) = preSolution
		Debug|Any CPU = Debug|Any CPU
		Release|Any CPU = Release|Any CPU
	EndGlobalSection
	GlobalSection(ProjectConfigurationPlatforms) = postSolution
		{2065C3A2-8C15-4912-BCF5-AE89E3DDA079}.Debug|Any CPU.ActiveCfg = Debug|Any CPU
		{2065C3A2-8C15-4912-BCF5-AE89E3DDA079}.Debug|Any CPU.Build.0 = Debug|Any CPU
		{2065C3A2-8C15-4912-BCF5-AE89E3DDA079}.Release|Any CPU.ActiveCfg = Release|Any CPU
		{2065C3A2-8C15-4912-BCF5-AE89E3DDA079}.Release|Any CPU.Build.0 = Release|Any CPU
		{54C76459-D93B-4FF5-A051-4D9329EF4201}.Debug|Any CPU.ActiveCfg = Debug|Any CPU
		{54C76459-D93B-4FF5-A051-4D9329EF4201}.Debug|Any CPU.Build.0 = Debug|Any CPU
		{54C76459-D93B-4FF5-A051-4D9329EF4201}.Release|Any CPU.ActiveCfg = Release|Any CPU
		{54C76459-D93B-4FF5-A051-4D9329EF4201}.Release|Any CPU.Build.0 = Release|Any CPU
	EndGlobalSection
	GlobalSection(SolutionProperties) = preSolution
		HideSolutionNode = FALSE
	EndGlobalSection
EndGlobal
